# @generated by Move, please check-in and do not edit manually.

[move]
version = 3
manifest_digest = "AE711D0C56698C115B5DF24CD2A33A7A16E292364AD3124CF3B3238219252521"
deps_digest = "397E6A9F7A624706DBDFEE056CE88391A15876868FD18A88504DA74EB458D697"
dependencies = [
  { id = "Bridge", name = "Bridge" },
  { id = "MoveStdlib", name = "MoveStdlib" },
  { id = "Sui", name = "Sui" },
  { id = "SuiSystem", name = "SuiSystem" },
  { id = "seal", name = "seal" },
]

[[move.package]]
id = "Bridge"
source = { git = "https://github.com/MystenLabs/sui.git", rev = "d75fae3aa7fa3545b5803980a1e0c965b8bbf48e", subdir = "crates/sui-framework/packages/bridge" }

dependencies = [
  { id = "MoveStdlib", name = "MoveStdlib" },
  { id = "Sui", name = "Sui" },
  { id = "SuiSystem", name = "SuiSystem" },
]

[[move.package]]
id = "MoveStdlib"
source = { git = "https://github.com/MystenLabs/sui.git", rev = "d75fae3aa7fa3545b5803980a1e0c965b8bbf48e", subdir = "crates/sui-framework/packages/move-stdlib" }

[[move.package]]
id = "Sui"
source = { git = "https://github.com/MystenLabs/sui.git", rev = "d75fae3aa7fa3545b5803980a1e0c965b8bbf48e", subdir = "crates/sui-framework/packages/sui-framework" }

dependencies = [
  { id = "MoveStdlib", name = "MoveStdlib" },
]

[[move.package]]
id = "SuiSystem"
source = { git = "https://github.com/MystenLabs/sui.git", rev = "d75fae3aa7fa3545b5803980a1e0c965b8bbf48e", subdir = "crates/sui-framework/packages/sui-system" }

dependencies = [
  { id = "MoveStdlib", name = "MoveStdlib" },
  { id = "Sui", name = "Sui" },
]

[[move.package]]
id = "seal"
source = { git = "https://github.com/MystenLabs/seal.git", rev = "main", subdir = "move/seal" }

dependencies = [
  { id = "Sui", name = "Sui" },
]

[move.toolchain-version]
compiler-version = "1.61.1"
edition = "2024.beta"
flavor = "sui"

[env]

[env.devnet]
chain-id = "dac402e1"
original-published-id = "0x22695984ad8182cbe14e118c6ad35132b39e5f08c01a1cfa6dc8c007bb576a40"
latest-published-id = "0x22695984ad8182cbe14e118c6ad35132b39e5f08c01a1cfa6dc8c007bb576a40"
published-version = "1"

[env.testnet]
chain-id = "4c78adac"
original-published-id = "0xb8d77645e10d4025d851be813433dab5c4b1fa3963f8710252dd38a93611bfbb"
latest-published-id = "0xb8d77645e10d4025d851be813433dab5c4b1fa3963f8710252dd38a93611bfbb"
published-version = "1"
